// !$*UTF8*$!
{
	archiveVersion = 1;
	classes = {
	};
	objectVersion = 56;
	objects = {

/* Begin PBXBuildFile section */
		7678C333200254A4CDE8FCA0 /* Pods_MovieAppMVP.framework in Frameworks */ = {isa = PBXBuildFile; fileRef = 0E20F04B298043E77DCDD6F8 /* Pods_MovieAppMVP.framework */; };
		A2A2C8052B2E296F00B12760 /* NetworkMoviekService.swift in Sources */ = {isa = PBXBuildFile; fileRef = A2A2C8042B2E296F00B12760 /* NetworkMoviekService.swift */; };
		A2AFC3332B54148100F5109F /* SaveDetailVC.swift in Sources */ = {isa = PBXBuildFile; fileRef = A2AFC3322B54148100F5109F /* SaveDetailVC.swift */; };
		A2AFC3352B54149200F5109F /* SaveDetailView.swift in Sources */ = {isa = PBXBuildFile; fileRef = A2AFC3342B54149100F5109F /* SaveDetailView.swift */; };
		A2AFC3382B5414B100F5109F /* SaveDetailPresenter.swift in Sources */ = {isa = PBXBuildFile; fileRef = A2AFC3372B5414B100F5109F /* SaveDetailPresenter.swift */; };
		A2AFC33B2B5414F400F5109F /* SaveDetailAssemble.swift in Sources */ = {isa = PBXBuildFile; fileRef = A2AFC33A2B5414F400F5109F /* SaveDetailAssemble.swift */; };
		A2AFC33D2B5420D800F5109F /* SavedFilmRouter.swift in Sources */ = {isa = PBXBuildFile; fileRef = A2AFC33C2B5420D800F5109F /* SavedFilmRouter.swift */; };
		A2B0D1F92B2A1FA100E13C24 /* TopChartModel.swift in Sources */ = {isa = PBXBuildFile; fileRef = A2B0D1F82B2A1FA100E13C24 /* TopChartModel.swift */; };
		A2B0D1FC2B2A201F00E13C24 /* TopChartPresenter.swift in Sources */ = {isa = PBXBuildFile; fileRef = A2B0D1FB2B2A201F00E13C24 /* TopChartPresenter.swift */; };
		A2B0D2002B2A228800E13C24 /* TopChartAssemble.swift in Sources */ = {isa = PBXBuildFile; fileRef = A2B0D1FF2B2A228800E13C24 /* TopChartAssemble.swift */; };
		A2B0D2022B2A2EAA00E13C24 /* TopChartViewCell.swift in Sources */ = {isa = PBXBuildFile; fileRef = A2B0D2012B2A2EAA00E13C24 /* TopChartViewCell.swift */; };
		A2B138F52B3F0C5F00E6FEB9 /* TopChartView.swift in Sources */ = {isa = PBXBuildFile; fileRef = A2B138F42B3F0C5F00E6FEB9 /* TopChartView.swift */; };
		A2B138F72B3F143300E6FEB9 /* DetailMoviewView.swift in Sources */ = {isa = PBXBuildFile; fileRef = A2B138F62B3F143300E6FEB9 /* DetailMoviewView.swift */; };
		A2B14FF52B28F7E200C09AEC /* AppDelegate.swift in Sources */ = {isa = PBXBuildFile; fileRef = A2B14FF42B28F7E200C09AEC /* AppDelegate.swift */; };
		A2B14FF72B28F7E200C09AEC /* SceneDelegate.swift in Sources */ = {isa = PBXBuildFile; fileRef = A2B14FF62B28F7E200C09AEC /* SceneDelegate.swift */; };
		A2B14FF92B28F7E200C09AEC /* TopChartsViewController.swift in Sources */ = {isa = PBXBuildFile; fileRef = A2B14FF82B28F7E200C09AEC /* TopChartsViewController.swift */; };
		A2B14FFE2B28F7E800C09AEC /* Assets.xcassets in Resources */ = {isa = PBXBuildFile; fileRef = A2B14FFD2B28F7E800C09AEC /* Assets.xcassets */; };
		A2B150012B28F7E800C09AEC /* LaunchScreen.storyboard in Resources */ = {isa = PBXBuildFile; fileRef = A2B14FFF2B28F7E800C09AEC /* LaunchScreen.storyboard */; };
		A2B616522B517F72008BCF46 /* Storage.swift in Sources */ = {isa = PBXBuildFile; fileRef = A2B616512B517F72008BCF46 /* Storage.swift */; };
		A2B7B2762B31E0E200409EFC /* DetailMoviePresenter.swift in Sources */ = {isa = PBXBuildFile; fileRef = A2B7B2752B31E0E200409EFC /* DetailMoviePresenter.swift */; };
		A2B7B2782B31E10300409EFC /* DetailMovieViewController.swift in Sources */ = {isa = PBXBuildFile; fileRef = A2B7B2772B31E10300409EFC /* DetailMovieViewController.swift */; };
		A2DA52A12B404818000F79E3 /* UIViewController+ErrorAlert.swift in Sources */ = {isa = PBXBuildFile; fileRef = A2DA52A02B404818000F79E3 /* UIViewController+ErrorAlert.swift */; };
		A2DA52A32B40B167000F79E3 /* DetailMovieAssemble.swift in Sources */ = {isa = PBXBuildFile; fileRef = A2DA52A22B40B167000F79E3 /* DetailMovieAssemble.swift */; };
		A2DA52A82B416BB9000F79E3 /* TopChartRouter.swift in Sources */ = {isa = PBXBuildFile; fileRef = A2DA52A72B416BB9000F79E3 /* TopChartRouter.swift */; };
		A2DA52AA2B4173A7000F79E3 /* SavedFilmsVC.swift in Sources */ = {isa = PBXBuildFile; fileRef = A2DA52A92B4173A7000F79E3 /* SavedFilmsVC.swift */; };
		A2DA52AC2B4177A2000F79E3 /* SavedFilmsPresenter.swift in Sources */ = {isa = PBXBuildFile; fileRef = A2DA52AB2B4177A2000F79E3 /* SavedFilmsPresenter.swift */; };
		A2DA52B42B417998000F79E3 /* SavedFilmsAssemble.swift in Sources */ = {isa = PBXBuildFile; fileRef = A2DA52B32B417998000F79E3 /* SavedFilmsAssemble.swift */; };
		A2DA52B62B418337000F79E3 /* MovieTabBarVC.swift in Sources */ = {isa = PBXBuildFile; fileRef = A2DA52B52B418337000F79E3 /* MovieTabBarVC.swift */; };
		A2DA52B82B41B06F000F79E3 /* SavedFilmView.swift in Sources */ = {isa = PBXBuildFile; fileRef = A2DA52B72B41B06F000F79E3 /* SavedFilmView.swift */; };
		A2DA52BA2B41B115000F79E3 /* SavedFilmCell.swift in Sources */ = {isa = PBXBuildFile; fileRef = A2DA52B92B41B115000F79E3 /* SavedFilmCell.swift */; };
/* End PBXBuildFile section */

/* Begin PBXFileReference section */
		0E20F04B298043E77DCDD6F8 /* Pods_MovieAppMVP.framework */ = {isa = PBXFileReference; explicitFileType = wrapper.framework; includeInIndex = 0; path = Pods_MovieAppMVP.framework; sourceTree = BUILT_PRODUCTS_DIR; };
		20BCB63B6DA142134D70BAE0 /* Pods-MovieAppMVP.release.xcconfig */ = {isa = PBXFileReference; includeInIndex = 1; lastKnownFileType = text.xcconfig; name = "Pods-MovieAppMVP.release.xcconfig"; path = "Target Support Files/Pods-MovieAppMVP/Pods-MovieAppMVP.release.xcconfig"; sourceTree = "<group>"; };
		43EB5CA86AD2D70611BF1ACE /* Pods-MovieAppMVP.debug.xcconfig */ = {isa = PBXFileReference; includeInIndex = 1; lastKnownFileType = text.xcconfig; name = "Pods-MovieAppMVP.debug.xcconfig"; path = "Target Support Files/Pods-MovieAppMVP/Pods-MovieAppMVP.debug.xcconfig"; sourceTree = "<group>"; };
		A2A2C8042B2E296F00B12760 /* NetworkMoviekService.swift */ = {isa = PBXFileReference; lastKnownFileType = sourcecode.swift; path = NetworkMoviekService.swift; sourceTree = "<group>"; };
		A2AFC3322B54148100F5109F /* SaveDetailVC.swift */ = {isa = PBXFileReference; lastKnownFileType = sourcecode.swift; path = SaveDetailVC.swift; sourceTree = "<group>"; };
		A2AFC3342B54149100F5109F /* SaveDetailView.swift */ = {isa = PBXFileReference; lastKnownFileType = sourcecode.swift; path = SaveDetailView.swift; sourceTree = "<group>"; };
		A2AFC3372B5414B100F5109F /* SaveDetailPresenter.swift */ = {isa = PBXFileReference; lastKnownFileType = sourcecode.swift; path = SaveDetailPresenter.swift; sourceTree = "<group>"; };
		A2AFC33A2B5414F400F5109F /* SaveDetailAssemble.swift */ = {isa = PBXFileReference; lastKnownFileType = sourcecode.swift; path = SaveDetailAssemble.swift; sourceTree = "<group>"; };
		A2AFC33C2B5420D800F5109F /* SavedFilmRouter.swift */ = {isa = PBXFileReference; lastKnownFileType = sourcecode.swift; path = SavedFilmRouter.swift; sourceTree = "<group>"; };
		A2B0D1F82B2A1FA100E13C24 /* TopChartModel.swift */ = {isa = PBXFileReference; lastKnownFileType = sourcecode.swift; path = TopChartModel.swift; sourceTree = "<group>"; };
		A2B0D1FB2B2A201F00E13C24 /* TopChartPresenter.swift */ = {isa = PBXFileReference; lastKnownFileType = sourcecode.swift; path = TopChartPresenter.swift; sourceTree = "<group>"; };
		A2B0D1FF2B2A228800E13C24 /* TopChartAssemble.swift */ = {isa = PBXFileReference; lastKnownFileType = sourcecode.swift; path = TopChartAssemble.swift; sourceTree = "<group>"; };
		A2B0D2012B2A2EAA00E13C24 /* TopChartViewCell.swift */ = {isa = PBXFileReference; lastKnownFileType = sourcecode.swift; path = TopChartViewCell.swift; sourceTree = "<group>"; };
		A2B138F42B3F0C5F00E6FEB9 /* TopChartView.swift */ = {isa = PBXFileReference; lastKnownFileType = sourcecode.swift; path = TopChartView.swift; sourceTree = "<group>"; };
		A2B138F62B3F143300E6FEB9 /* DetailMoviewView.swift */ = {isa = PBXFileReference; lastKnownFileType = sourcecode.swift; path = DetailMoviewView.swift; sourceTree = "<group>"; };
		A2B14FF12B28F7E200C09AEC /* MovieAppMVP.app */ = {isa = PBXFileReference; explicitFileType = wrapper.application; includeInIndex = 0; path = MovieAppMVP.app; sourceTree = BUILT_PRODUCTS_DIR; };
		A2B14FF42B28F7E200C09AEC /* AppDelegate.swift */ = {isa = PBXFileReference; lastKnownFileType = sourcecode.swift; path = AppDelegate.swift; sourceTree = "<group>"; };
		A2B14FF62B28F7E200C09AEC /* SceneDelegate.swift */ = {isa = PBXFileReference; lastKnownFileType = sourcecode.swift; path = SceneDelegate.swift; sourceTree = "<group>"; };
		A2B14FF82B28F7E200C09AEC /* TopChartsViewController.swift */ = {isa = PBXFileReference; lastKnownFileType = sourcecode.swift; path = TopChartsViewController.swift; sourceTree = "<group>"; };
		A2B14FFD2B28F7E800C09AEC /* Assets.xcassets */ = {isa = PBXFileReference; lastKnownFileType = folder.assetcatalog; path = Assets.xcassets; sourceTree = "<group>"; };
		A2B150002B28F7E800C09AEC /* Base */ = {isa = PBXFileReference; lastKnownFileType = file.storyboard; name = Base; path = Base.lproj/LaunchScreen.storyboard; sourceTree = "<group>"; };
		A2B150022B28F7E800C09AEC /* Info.plist */ = {isa = PBXFileReference; lastKnownFileType = text.plist.xml; path = Info.plist; sourceTree = "<group>"; };
		A2B616512B517F72008BCF46 /* Storage.swift */ = {isa = PBXFileReference; lastKnownFileType = sourcecode.swift; path = Storage.swift; sourceTree = "<group>"; };
		A2B7B2752B31E0E200409EFC /* DetailMoviePresenter.swift */ = {isa = PBXFileReference; lastKnownFileType = sourcecode.swift; path = DetailMoviePresenter.swift; sourceTree = "<group>"; };
		A2B7B2772B31E10300409EFC /* DetailMovieViewController.swift */ = {isa = PBXFileReference; lastKnownFileType = sourcecode.swift; path = DetailMovieViewController.swift; sourceTree = "<group>"; };
		A2DA52A02B404818000F79E3 /* UIViewController+ErrorAlert.swift */ = {isa = PBXFileReference; lastKnownFileType = sourcecode.swift; path = "UIViewController+ErrorAlert.swift"; sourceTree = "<group>"; };
		A2DA52A22B40B167000F79E3 /* DetailMovieAssemble.swift */ = {isa = PBXFileReference; lastKnownFileType = sourcecode.swift; path = DetailMovieAssemble.swift; sourceTree = "<group>"; };
		A2DA52A72B416BB9000F79E3 /* TopChartRouter.swift */ = {isa = PBXFileReference; lastKnownFileType = sourcecode.swift; path = TopChartRouter.swift; sourceTree = "<group>"; };
		A2DA52A92B4173A7000F79E3 /* SavedFilmsVC.swift */ = {isa = PBXFileReference; lastKnownFileType = sourcecode.swift; path = SavedFilmsVC.swift; sourceTree = "<group>"; };
		A2DA52AB2B4177A2000F79E3 /* SavedFilmsPresenter.swift */ = {isa = PBXFileReference; lastKnownFileType = sourcecode.swift; path = SavedFilmsPresenter.swift; sourceTree = "<group>"; };
		A2DA52B32B417998000F79E3 /* SavedFilmsAssemble.swift */ = {isa = PBXFileReference; lastKnownFileType = sourcecode.swift; path = SavedFilmsAssemble.swift; sourceTree = "<group>"; };
		A2DA52B52B418337000F79E3 /* MovieTabBarVC.swift */ = {isa = PBXFileReference; lastKnownFileType = sourcecode.swift; path = MovieTabBarVC.swift; sourceTree = "<group>"; };
		A2DA52B72B41B06F000F79E3 /* SavedFilmView.swift */ = {isa = PBXFileReference; lastKnownFileType = sourcecode.swift; path = SavedFilmView.swift; sourceTree = "<group>"; };
		A2DA52B92B41B115000F79E3 /* SavedFilmCell.swift */ = {isa = PBXFileReference; lastKnownFileType = sourcecode.swift; path = SavedFilmCell.swift; sourceTree = "<group>"; };
/* End PBXFileReference section */

/* Begin PBXFrameworksBuildPhase section */
		A2B14FEE2B28F7E200C09AEC /* Frameworks */ = {
			isa = PBXFrameworksBuildPhase;
			buildActionMask = 2147483647;
			files = (
				7678C333200254A4CDE8FCA0 /* Pods_MovieAppMVP.framework in Frameworks */,
			);
			runOnlyForDeploymentPostprocessing = 0;
		};
/* End PBXFrameworksBuildPhase section */

/* Begin PBXGroup section */
		04C2D59E30A97CE6A84FA643 /* Pods */ = {
			isa = PBXGroup;
			children = (
				43EB5CA86AD2D70611BF1ACE /* Pods-MovieAppMVP.debug.xcconfig */,
				20BCB63B6DA142134D70BAE0 /* Pods-MovieAppMVP.release.xcconfig */,
			);
			path = Pods;
			sourceTree = "<group>";
		};
		A2A2C8062B2E297600B12760 /* Services */ = {
			isa = PBXGroup;
			children = (
				A2A2C8042B2E296F00B12760 /* NetworkMoviekService.swift */,
			);
			path = Services;
			sourceTree = "<group>";
		};
		A2AFC3312B5412F700F5109F /* SaveDetailModule */ = {
			isa = PBXGroup;
			children = (
				A2AFC3362B54149C00F5109F /* ViewController */,
				A2AFC3392B5414BA00F5109F /* Presenter */,
				A2AFC33A2B5414F400F5109F /* SaveDetailAssemble.swift */,
			);
			name = SaveDetailModule;
			sourceTree = "<group>";
		};
		A2AFC3362B54149C00F5109F /* ViewController */ = {
			isa = PBXGroup;
			children = (
				A2AFC3322B54148100F5109F /* SaveDetailVC.swift */,
				A2AFC3342B54149100F5109F /* SaveDetailView.swift */,
			);
			name = ViewController;
			sourceTree = "<group>";
		};
		A2AFC3392B5414BA00F5109F /* Presenter */ = {
			isa = PBXGroup;
			children = (
				A2AFC3372B5414B100F5109F /* SaveDetailPresenter.swift */,
			);
			name = Presenter;
			sourceTree = "<group>";
		};
		A2B0D1F72B2A1F8800E13C24 /* ViewController */ = {
			isa = PBXGroup;
			children = (
				A2B14FF82B28F7E200C09AEC /* TopChartsViewController.swift */,
				A2B138F42B3F0C5F00E6FEB9 /* TopChartView.swift */,
				A2B0D2012B2A2EAA00E13C24 /* TopChartViewCell.swift */,
			);
			path = ViewController;
			sourceTree = "<group>";
		};
		A2B0D1FA2B2A1FA900E13C24 /* Model */ = {
			isa = PBXGroup;
			children = (
				A2B0D1F82B2A1FA100E13C24 /* TopChartModel.swift */,
			);
			path = Model;
			sourceTree = "<group>";
		};
		A2B0D1FD2B2A202400E13C24 /* Presenter */ = {
			isa = PBXGroup;
			children = (
				A2B0D1FB2B2A201F00E13C24 /* TopChartPresenter.swift */,
			);
			path = Presenter;
			sourceTree = "<group>";
		};
		A2B0D1FE2B2A202F00E13C24 /* TopChartModule */ = {
			isa = PBXGroup;
			children = (
				A2B0D1FA2B2A1FA900E13C24 /* Model */,
				A2B0D1F72B2A1F8800E13C24 /* ViewController */,
				A2B0D1FD2B2A202400E13C24 /* Presenter */,
				A2B0D1FF2B2A228800E13C24 /* TopChartAssemble.swift */,
				A2DA52A72B416BB9000F79E3 /* TopChartRouter.swift */,
			);
			path = TopChartModule;
			sourceTree = "<group>";
		};
		A2B14FE82B28F7E200C09AEC = {
			isa = PBXGroup;
			children = (
				A2B14FF32B28F7E200C09AEC /* MovieAppMVP */,
				A2B14FF22B28F7E200C09AEC /* Products */,
				04C2D59E30A97CE6A84FA643 /* Pods */,
				C1E3342B883F584C329B08BB /* Frameworks */,
			);
			sourceTree = "<group>";
		};
		A2B14FF22B28F7E200C09AEC /* Products */ = {
			isa = PBXGroup;
			children = (
				A2B14FF12B28F7E200C09AEC /* MovieAppMVP.app */,
			);
			name = Products;
			sourceTree = "<group>";
		};
		A2B14FF32B28F7E200C09AEC /* MovieAppMVP */ = {
			isa = PBXGroup;
			children = (
				A2B14FF42B28F7E200C09AEC /* AppDelegate.swift */,
				A2B14FF62B28F7E200C09AEC /* SceneDelegate.swift */,
				A2AFC3312B5412F700F5109F /* SaveDetailModule */,
				A2B616542B531D68008BCF46 /* Extension */,
				A2A2C8062B2E297600B12760 /* Services */,
				A2B616532B51D580008BCF46 /* Storage */,
				A2DA52BB2B42F286000F79E3 /* TabBar */,
				A2DA52AF2B4177B6000F79E3 /* SavedFilmsModule */,
				A2B7B27C2B31E12E00409EFC /* DetailMovieModule */,
				A2B0D1FE2B2A202F00E13C24 /* TopChartModule */,
				A2B14FFD2B28F7E800C09AEC /* Assets.xcassets */,
				A2B14FFF2B28F7E800C09AEC /* LaunchScreen.storyboard */,
				A2B150022B28F7E800C09AEC /* Info.plist */,
			);
			path = MovieAppMVP;
			sourceTree = "<group>";
		};
		A2B616532B51D580008BCF46 /* Storage */ = {
			isa = PBXGroup;
			children = (
				A2B616512B517F72008BCF46 /* Storage.swift */,
			);
			path = Storage;
			sourceTree = "<group>";
		};
		A2B616542B531D68008BCF46 /* Extension */ = {
			isa = PBXGroup;
			children = (
				A2DA52A02B404818000F79E3 /* UIViewController+ErrorAlert.swift */,
			);
			name = Extension;
			sourceTree = "<group>";
		};
		A2B7B27A2B31E11900409EFC /* Presenter */ = {
			isa = PBXGroup;
			children = (
				A2B7B2752B31E0E200409EFC /* DetailMoviePresenter.swift */,
			);
			path = Presenter;
			sourceTree = "<group>";
		};
		A2B7B27B2B31E12200409EFC /* ViewController */ = {
			isa = PBXGroup;
			children = (
				A2B7B2772B31E10300409EFC /* DetailMovieViewController.swift */,
				A2B138F62B3F143300E6FEB9 /* DetailMoviewView.swift */,
			);
			path = ViewController;
			sourceTree = "<group>";
		};
		A2B7B27C2B31E12E00409EFC /* DetailMovieModule */ = {
			isa = PBXGroup;
			children = (
				A2B7B27B2B31E12200409EFC /* ViewController */,
				A2B7B27A2B31E11900409EFC /* Presenter */,
				A2DA52A22B40B167000F79E3 /* DetailMovieAssemble.swift */,
			);
			path = DetailMovieModule;
			sourceTree = "<group>";
		};
		A2DA52AF2B4177B6000F79E3 /* SavedFilmsModule */ = {
			isa = PBXGroup;
			children = (
				A2DA52B02B4177C5000F79E3 /* ViewController */,
				A2DA52B12B4177D5000F79E3 /* Presenter */,
				A2DA52B32B417998000F79E3 /* SavedFilmsAssemble.swift */,
				A2AFC33C2B5420D800F5109F /* SavedFilmRouter.swift */,
			);
			path = SavedFilmsModule;
			sourceTree = "<group>";
		};
		A2DA52B02B4177C5000F79E3 /* ViewController */ = {
			isa = PBXGroup;
			children = (
				A2DA52A92B4173A7000F79E3 /* SavedFilmsVC.swift */,
				A2DA52B72B41B06F000F79E3 /* SavedFilmView.swift */,
				A2DA52B92B41B115000F79E3 /* SavedFilmCell.swift */,
			);
			path = ViewController;
			sourceTree = "<group>";
		};
		A2DA52B12B4177D5000F79E3 /* Presenter */ = {
			isa = PBXGroup;
			children = (
				A2DA52AB2B4177A2000F79E3 /* SavedFilmsPresenter.swift */,
			);
			path = Presenter;
			sourceTree = "<group>";
		};
		A2DA52BB2B42F286000F79E3 /* TabBar */ = {
			isa = PBXGroup;
			children = (
				A2DA52B52B418337000F79E3 /* MovieTabBarVC.swift */,
			);
			path = TabBar;
			sourceTree = "<group>";
		};
		C1E3342B883F584C329B08BB /* Frameworks */ = {
			isa = PBXGroup;
			children = (
				0E20F04B298043E77DCDD6F8 /* Pods_MovieAppMVP.framework */,
			);
			name = Frameworks;
			sourceTree = "<group>";
		};
/* End PBXGroup section */

/* Begin PBXNativeTarget section */
		A2B14FF02B28F7E200C09AEC /* MovieAppMVP */ = {
			isa = PBXNativeTarget;
			buildConfigurationList = A2B150052B28F7E800C09AEC /* Build configuration list for PBXNativeTarget "MovieAppMVP" */;
			buildPhases = (
				6AB444E0FD9BC7F87345C6C6 /* [CP] Check Pods Manifest.lock */,
				A2A2C8032B2B404000B12760 /* ShellScript */,
				A2B14FED2B28F7E200C09AEC /* Sources */,
				A2B14FEE2B28F7E200C09AEC /* Frameworks */,
				A2B14FEF2B28F7E200C09AEC /* Resources */,
				E91364CAFEEABC45A1519D2F /* [CP] Embed Pods Frameworks */,
			);
			buildRules = (
			);
			dependencies = (
			);
			name = MovieAppMVP;
			productName = MovieAppMVP;
			productReference = A2B14FF12B28F7E200C09AEC /* MovieAppMVP.app */;
			productType = "com.apple.product-type.application";
		};
/* End PBXNativeTarget section */

/* Begin PBXProject section */
		A2B14FE92B28F7E200C09AEC /* Project object */ = {
			isa = PBXProject;
			attributes = {
				BuildIndependentTargetsInParallel = 1;
				LastSwiftUpdateCheck = 1500;
				LastUpgradeCheck = 1500;
				TargetAttributes = {
					A2B14FF02B28F7E200C09AEC = {
						CreatedOnToolsVersion = 15.0.1;
					};
				};
			};
			buildConfigurationList = A2B14FEC2B28F7E200C09AEC /* Build configuration list for PBXProject "MovieAppMVP" */;
			compatibilityVersion = "Xcode 14.0";
			developmentRegion = en;
			hasScannedForEncodings = 0;
			knownRegions = (
				en,
				Base,
			);
			mainGroup = A2B14FE82B28F7E200C09AEC;
			productRefGroup = A2B14FF22B28F7E200C09AEC /* Products */;
			projectDirPath = "";
			projectRoot = "";
			targets = (
				A2B14FF02B28F7E200C09AEC /* MovieAppMVP */,
			);
		};
/* End PBXProject section */

/* Begin PBXResourcesBuildPhase section */
		A2B14FEF2B28F7E200C09AEC /* Resources */ = {
			isa = PBXResourcesBuildPhase;
			buildActionMask = 2147483647;
			files = (
				A2B150012B28F7E800C09AEC /* LaunchScreen.storyboard in Resources */,
				A2B14FFE2B28F7E800C09AEC /* Assets.xcassets in Resources */,
			);
			runOnlyForDeploymentPostprocessing = 0;
		};
/* End PBXResourcesBuildPhase section */

/* Begin PBXShellScriptBuildPhase section */
		6AB444E0FD9BC7F87345C6C6 /* [CP] Check Pods Manifest.lock */ = {
			isa = PBXShellScriptBuildPhase;
			buildActionMask = 2147483647;
			files = (
			);
			inputFileListPaths = (
			);
			inputPaths = (
				"${PODS_PODFILE_DIR_PATH}/Podfile.lock",
				"${PODS_ROOT}/Manifest.lock",
			);
			name = "[CP] Check Pods Manifest.lock";
			outputFileListPaths = (
			);
			outputPaths = (
				"$(DERIVED_FILE_DIR)/Pods-MovieAppMVP-checkManifestLockResult.txt",
			);
			runOnlyForDeploymentPostprocessing = 0;
			shellPath = /bin/sh;
			shellScript = "diff \"${PODS_PODFILE_DIR_PATH}/Podfile.lock\" \"${PODS_ROOT}/Manifest.lock\" > /dev/null\nif [ $? != 0 ] ; then\n    # print error to STDERR\n    echo \"error: The sandbox is not in sync with the Podfile.lock. Run 'pod install' or update your CocoaPods installation.\" >&2\n    exit 1\nfi\n# This output is used by Xcode 'outputs' to avoid re-running this script phase.\necho \"SUCCESS\" > \"${SCRIPT_OUTPUT_FILE_0}\"\n";
			showEnvVarsInLog = 0;
		};
		A2A2C8032B2B404000B12760 /* ShellScript */ = {
			isa = PBXShellScriptBuildPhase;
			buildActionMask = 2147483647;
			files = (
			);
			inputFileListPaths = (
			);
			inputPaths = (
			);
			outputFileListPaths = (
			);
			outputPaths = (
			);
			runOnlyForDeploymentPostprocessing = 0;
			shellPath = /bin/sh;
			shellScript = "\"${PODS_ROOT}/SwiftLint/swiftlint\"\n";
		};
		E91364CAFEEABC45A1519D2F /* [CP] Embed Pods Frameworks */ = {
			isa = PBXShellScriptBuildPhase;
			buildActionMask = 2147483647;
			files = (
			);
			inputFileListPaths = (
				"${PODS_ROOT}/Target Support Files/Pods-MovieAppMVP/Pods-MovieAppMVP-frameworks-${CONFIGURATION}-input-files.xcfilelist",
			);
			name = "[CP] Embed Pods Frameworks";
			outputFileListPaths = (
				"${PODS_ROOT}/Target Support Files/Pods-MovieAppMVP/Pods-MovieAppMVP-frameworks-${CONFIGURATION}-output-files.xcfilelist",
			);
			runOnlyForDeploymentPostprocessing = 0;
			shellPath = /bin/sh;
			shellScript = "\"${PODS_ROOT}/Target Support Files/Pods-MovieAppMVP/Pods-MovieAppMVP-frameworks.sh\"\n";
			showEnvVarsInLog = 0;
		};
/* End PBXShellScriptBuildPhase section */

/* Begin PBXSourcesBuildPhase section */
		A2B14FED2B28F7E200C09AEC /* Sources */ = {
			isa = PBXSourcesBuildPhase;
			buildActionMask = 2147483647;
			files = (
				A2B7B2762B31E0E200409EFC /* DetailMoviePresenter.swift in Sources */,
				A2DA52A82B416BB9000F79E3 /* TopChartRouter.swift in Sources */,
				A2B138F52B3F0C5F00E6FEB9 /* TopChartView.swift in Sources */,
				A2B0D2022B2A2EAA00E13C24 /* TopChartViewCell.swift in Sources */,
				A2AFC3352B54149200F5109F /* SaveDetailView.swift in Sources */,
				A2DA52BA2B41B115000F79E3 /* SavedFilmCell.swift in Sources */,
				A2AFC3332B54148100F5109F /* SaveDetailVC.swift in Sources */,
				A2B616522B517F72008BCF46 /* Storage.swift in Sources */,
				A2B138F72B3F143300E6FEB9 /* DetailMoviewView.swift in Sources */,
				A2B0D2002B2A228800E13C24 /* TopChartAssemble.swift in Sources */,
				A2B0D1F92B2A1FA100E13C24 /* TopChartModel.swift in Sources */,
				A2B14FF92B28F7E200C09AEC /* TopChartsViewController.swift in Sources */,
				A2DA52B42B417998000F79E3 /* SavedFilmsAssemble.swift in Sources */,
				A2AFC33D2B5420D800F5109F /* SavedFilmRouter.swift in Sources */,
				A2DA52B82B41B06F000F79E3 /* SavedFilmView.swift in Sources */,
				A2DA52A12B404818000F79E3 /* UIViewController+ErrorAlert.swift in Sources */,
				A2AFC33B2B5414F400F5109F /* SaveDetailAssemble.swift in Sources */,
				A2B0D1FC2B2A201F00E13C24 /* TopChartPresenter.swift in Sources */,
				A2A2C8052B2E296F00B12760 /* NetworkMoviekService.swift in Sources */,
				A2DA52AA2B4173A7000F79E3 /* SavedFilmsVC.swift in Sources */,
				A2DA52B62B418337000F79E3 /* MovieTabBarVC.swift in Sources */,
				A2B14FF52B28F7E200C09AEC /* AppDelegate.swift in Sources */,
				A2DA52AC2B4177A2000F79E3 /* SavedFilmsPresenter.swift in Sources */,
				A2B14FF72B28F7E200C09AEC /* SceneDelegate.swift in Sources */,
				A2B7B2782B31E10300409EFC /* DetailMovieViewController.swift in Sources */,
				A2DA52A32B40B167000F79E3 /* DetailMovieAssemble.swift in Sources */,
				A2AFC3382B5414B100F5109F /* SaveDetailPresenter.swift in Sources */,
			);
			runOnlyForDeploymentPostprocessing = 0;
		};
/* End PBXSourcesBuildPhase section */

/* Begin PBXVariantGroup section */
		A2B14FFF2B28F7E800C09AEC /* LaunchScreen.storyboard */ = {
			isa = PBXVariantGroup;
			children = (
				A2B150002B28F7E800C09AEC /* Base */,
			);
			name = LaunchScreen.storyboard;
			sourceTree = "<group>";
		};
/* End PBXVariantGroup section */

/* Begin XCBuildConfiguration section */
		A2B150032B28F7E800C09AEC /* Debug */ = {
			isa = XCBuildConfiguration;
			buildSettings = {
				ALWAYS_SEARCH_USER_PATHS = NO;
				ASSETCATALOG_COMPILER_GENERATE_SWIFT_ASSET_SYMBOL_EXTENSIONS = YES;
				CLANG_ANALYZER_NONNULL = YES;
				CLANG_ANALYZER_NUMBER_OBJECT_CONVERSION = YES_AGGRESSIVE;
				CLANG_CXX_LANGUAGE_STANDARD = "gnu++20";
				CLANG_ENABLE_MODULES = YES;
				CLANG_ENABLE_OBJC_ARC = YES;
				CLANG_ENABLE_OBJC_WEAK = YES;
				CLANG_WARN_BLOCK_CAPTURE_AUTORELEASING = YES;
				CLANG_WARN_BOOL_CONVERSION = YES;
				CLANG_WARN_COMMA = YES;
				CLANG_WARN_CONSTANT_CONVERSION = YES;
				CLANG_WARN_DEPRECATED_OBJC_IMPLEMENTATIONS = YES;
				CLANG_WARN_DIRECT_OBJC_ISA_USAGE = YES_ERROR;
				CLANG_WARN_DOCUMENTATION_COMMENTS = YES;
				CLANG_WARN_EMPTY_BODY = YES;
				CLANG_WARN_ENUM_CONVERSION = YES;
				CLANG_WARN_INFINITE_RECURSION = YES;
				CLANG_WARN_INT_CONVERSION = YES;
				CLANG_WARN_NON_LITERAL_NULL_CONVERSION = YES;
				CLANG_WARN_OBJC_IMPLICIT_RETAIN_SELF = YES;
				CLANG_WARN_OBJC_LITERAL_CONVERSION = YES;
				CLANG_WARN_OBJC_ROOT_CLASS = YES_ERROR;
				CLANG_WARN_QUOTED_INCLUDE_IN_FRAMEWORK_HEADER = YES;
				CLANG_WARN_RANGE_LOOP_ANALYSIS = YES;
				CLANG_WARN_STRICT_PROTOTYPES = YES;
				CLANG_WARN_SUSPICIOUS_MOVE = YES;
				CLANG_WARN_UNGUARDED_AVAILABILITY = YES_AGGRESSIVE;
				CLANG_WARN_UNREACHABLE_CODE = YES;
				CLANG_WARN__DUPLICATE_METHOD_MATCH = YES;
				COPY_PHASE_STRIP = NO;
				DEBUG_INFORMATION_FORMAT = dwarf;
				ENABLE_STRICT_OBJC_MSGSEND = YES;
				ENABLE_TESTABILITY = YES;
				ENABLE_USER_SCRIPT_SANDBOXING = NO;
				GCC_C_LANGUAGE_STANDARD = gnu17;
				GCC_DYNAMIC_NO_PIC = NO;
				GCC_NO_COMMON_BLOCKS = YES;
				GCC_OPTIMIZATION_LEVEL = 0;
				GCC_PREPROCESSOR_DEFINITIONS = (
					"DEBUG=1",
					"$(inherited)",
				);
				GCC_WARN_64_TO_32_BIT_CONVERSION = YES;
				GCC_WARN_ABOUT_RETURN_TYPE = YES_ERROR;
				GCC_WARN_UNDECLARED_SELECTOR = YES;
				GCC_WARN_UNINITIALIZED_AUTOS = YES_AGGRESSIVE;
				GCC_WARN_UNUSED_FUNCTION = YES;
				GCC_WARN_UNUSED_VARIABLE = YES;
				IPHONEOS_DEPLOYMENT_TARGET = 17.0;
				LOCALIZATION_PREFERS_STRING_CATALOGS = YES;
				MTL_ENABLE_DEBUG_INFO = INCLUDE_SOURCE;
				MTL_FAST_MATH = YES;
				ONLY_ACTIVE_ARCH = YES;
				SDKROOT = iphoneos;
				SWIFT_ACTIVE_COMPILATION_CONDITIONS = "DEBUG $(inherited)";
				SWIFT_OPTIMIZATION_LEVEL = "-Onone";
			};
			name = Debug;
		};
		A2B150042B28F7E800C09AEC /* Release */ = {
			isa = XCBuildConfiguration;
			buildSettings = {
				ALWAYS_SEARCH_USER_PATHS = NO;
				ASSETCATALOG_COMPILER_GENERATE_SWIFT_ASSET_SYMBOL_EXTENSIONS = YES;
				CLANG_ANALYZER_NONNULL = YES;
				CLANG_ANALYZER_NUMBER_OBJECT_CONVERSION = YES_AGGRESSIVE;
				CLANG_CXX_LANGUAGE_STANDARD = "gnu++20";
				CLANG_ENABLE_MODULES = YES;
				CLANG_ENABLE_OBJC_ARC = YES;
				CLANG_ENABLE_OBJC_WEAK = YES;
				CLANG_WARN_BLOCK_CAPTURE_AUTORELEASING = YES;
				CLANG_WARN_BOOL_CONVERSION = YES;
				CLANG_WARN_COMMA = YES;
				CLANG_WARN_CONSTANT_CONVERSION = YES;
				CLANG_WARN_DEPRECATED_OBJC_IMPLEMENTATIONS = YES;
				CLANG_WARN_DIRECT_OBJC_ISA_USAGE = YES_ERROR;
				CLANG_WARN_DOCUMENTATION_COMMENTS = YES;
				CLANG_WARN_EMPTY_BODY = YES;
				CLANG_WARN_ENUM_CONVERSION = YES;
				CLANG_WARN_INFINITE_RECURSION = YES;
				CLANG_WARN_INT_CONVERSION = YES;
				CLANG_WARN_NON_LITERAL_NULL_CONVERSION = YES;
				CLANG_WARN_OBJC_IMPLICIT_RETAIN_SELF = YES;
				CLANG_WARN_OBJC_LITERAL_CONVERSION = YES;
				CLANG_WARN_OBJC_ROOT_CLASS = YES_ERROR;
				CLANG_WARN_QUOTED_INCLUDE_IN_FRAMEWORK_HEADER = YES;
				CLANG_WARN_RANGE_LOOP_ANALYSIS = YES;
				CLANG_WARN_STRICT_PROTOTYPES = YES;
				CLANG_WARN_SUSPICIOUS_MOVE = YES;
				CLANG_WARN_UNGUARDED_AVAILABILITY = YES_AGGRESSIVE;
				CLANG_WARN_UNREACHABLE_CODE = YES;
				CLANG_WARN__DUPLICATE_METHOD_MATCH = YES;
				COPY_PHASE_STRIP = NO;
				DEBUG_INFORMATION_FORMAT = "dwarf-with-dsym";
				ENABLE_NS_ASSERTIONS = NO;
				ENABLE_STRICT_OBJC_MSGSEND = YES;
				ENABLE_USER_SCRIPT_SANDBOXING = NO;
				GCC_C_LANGUAGE_STANDARD = gnu17;
				GCC_NO_COMMON_BLOCKS = YES;
				GCC_WARN_64_TO_32_BIT_CONVERSION = YES;
				GCC_WARN_ABOUT_RETURN_TYPE = YES_ERROR;
				GCC_WARN_UNDECLARED_SELECTOR = YES;
				GCC_WARN_UNINITIALIZED_AUTOS = YES_AGGRESSIVE;
				GCC_WARN_UNUSED_FUNCTION = YES;
				GCC_WARN_UNUSED_VARIABLE = YES;
				IPHONEOS_DEPLOYMENT_TARGET = 17.0;
				LOCALIZATION_PREFERS_STRING_CATALOGS = YES;
				MTL_ENABLE_DEBUG_INFO = NO;
				MTL_FAST_MATH = YES;
				SDKROOT = iphoneos;
				SWIFT_COMPILATION_MODE = wholemodule;
				VALIDATE_PRODUCT = YES;
			};
			name = Release;
		};
		A2B150062B28F7E800C09AEC /* Debug */ = {
			isa = XCBuildConfiguration;
			baseConfigurationReference = 43EB5CA86AD2D70611BF1ACE /* Pods-MovieAppMVP.debug.xcconfig */;
			buildSettings = {
				ASSETCATALOG_COMPILER_APPICON_NAME = AppIcon;
				ASSETCATALOG_COMPILER_GLOBAL_ACCENT_COLOR_NAME = AccentColor;
				CODE_SIGN_STYLE = Automatic;
				CURRENT_PROJECT_VERSION = 1;
				DEVELOPMENT_TEAM = X5CZ3UYLAQ;
				ENABLE_USER_SCRIPT_SANDBOXING = NO;
				GENERATE_INFOPLIST_FILE = YES;
				INFOPLIST_FILE = MovieAppMVP/Info.plist;
				INFOPLIST_KEY_UIApplicationSupportsIndirectInputEvents = YES;
				INFOPLIST_KEY_UILaunchStoryboardName = LaunchScreen;
				INFOPLIST_KEY_UISupportedInterfaceOrientations_iPad = "UIInterfaceOrientationPortrait UIInterfaceOrientationPortraitUpsideDown UIInterfaceOrientationLandscapeLeft UIInterfaceOrientationLandscapeRight";
				INFOPLIST_KEY_UISupportedInterfaceOrientations_iPhone = "UIInterfaceOrientationPortrait UIInterfaceOrientationLandscapeLeft UIInterfaceOrientationLandscapeRight";
				LD_RUNPATH_SEARCH_PATHS = (
					"$(inherited)",
					"@executable_path/Frameworks",
				);
				MARKETING_VERSION = 1.0;
				PRODUCT_BUNDLE_IDENTIFIER = silben.MovieAppMVP;
				PRODUCT_NAME = "$(TARGET_NAME)";
				SWIFT_EMIT_LOC_STRINGS = YES;
				SWIFT_VERSION = 5.0;
				TARGETED_DEVICE_FAMILY = "1,2";
			};
			name = Debug;
		};
		A2B150072B28F7E800C09AEC /* Release */ = {
			isa = XCBuildConfiguration;
			baseConfigurationReference = 20BCB63B6DA142134D70BAE0 /* Pods-MovieAppMVP.release.xcconfig */;
			buildSettings = {
				ASSETCATALOG_COMPILER_APPICON_NAME = AppIcon;
				ASSETCATALOG_COMPILER_GLOBAL_ACCENT_COLOR_NAME = AccentColor;
				CODE_SIGN_STYLE = Automatic;
				CURRENT_PROJECT_VERSION = 1;
				DEVELOPMENT_TEAM = X5CZ3UYLAQ;
				ENABLE_USER_SCRIPT_SANDBOXING = NO;
				GENERATE_INFOPLIST_FILE = YES;
				INFOPLIST_FILE = MovieAppMVP/Info.plist;
				INFOPLIST_KEY_UIApplicationSupportsIndirectInputEvents = YES;
				INFOPLIST_KEY_UILaunchStoryboardName = LaunchScreen;
				INFOPLIST_KEY_UISupportedInterfaceOrientations_iPad = "UIInterfaceOrientationPortrait UIInterfaceOrientationPortraitUpsideDown UIInterfaceOrientationLandscapeLeft UIInterfaceOrientationLandscapeRight";
				INFOPLIST_KEY_UISupportedInterfaceOrientations_iPhone = "UIInterfaceOrientationPortrait UIInterfaceOrientationLandscapeLeft UIInterfaceOrientationLandscapeRight";
				LD_RUNPATH_SEARCH_PATHS = (
					"$(inherited)",
					"@executable_path/Frameworks",
				);
				MARKETING_VERSION = 1.0;
				PRODUCT_BUNDLE_IDENTIFIER = silben.MovieAppMVP;
				PRODUCT_NAME = "$(TARGET_NAME)";
				SWIFT_EMIT_LOC_STRINGS = YES;
				SWIFT_VERSION = 5.0;
				TARGETED_DEVICE_FAMILY = "1,2";
			};
			name = Release;
		};
/* End XCBuildConfiguration section */

/* Begin XCConfigurationList section */
		A2B14FEC2B28F7E200C09AEC /* Build configuration list for PBXProject "MovieAppMVP" */ = {
			isa = XCConfigurationList;
			buildConfigurations = (
				A2B150032B28F7E800C09AEC /* Debug */,
				A2B150042B28F7E800C09AEC /* Release */,
			);
			defaultConfigurationIsVisible = 0;
			defaultConfigurationName = Release;
		};
		A2B150052B28F7E800C09AEC /* Build configuration list for PBXNativeTarget "MovieAppMVP" */ = {
			isa = XCConfigurationList;
			buildConfigurations = (
				A2B150062B28F7E800C09AEC /* Debug */,
				A2B150072B28F7E800C09AEC /* Release */,
			);
			defaultConfigurationIsVisible = 0;
			defaultConfigurationName = Release;
		};
/* End XCConfigurationList section */
	};
	rootObject = A2B14FE92B28F7E200C09AEC /* Project object */;
}
